
Microsoft Visual Studio Solution File, Format Version 12.00
# Visual Studio Version 17
VisualStudioVersion = 17.12.35707.178
MinimumVisualStudioVersion = 10.0.40219.1
Project("{FAE04EC0-301F-11D3-BF4B-00C04F79EFBC}") = "NK.Logger", "NK.Logger\NK.Logger.csproj", "{ECCEF699-8268-476F-AB73-A25007E4294B}"
EndProject
Project("{FAE04EC0-301F-11D3-BF4B-00C04F79EFBC}") = "AzureBlobLoggerTest", "AzureBlobLoggerTest\AzureBlobLoggerTest.csproj", "{2A8E5D26-C34D-4240-8395-12ED6FCE3983}"
EndProject
Project("{FAE04EC0-301F-11D3-BF4B-00C04F79EFBC}") = "AzureQueueLoggerTest", "AzureQueueLoggerTest\AzureQueueLoggerTest.csproj", "{74D5E76A-F47A-4C1C-B41E-D1FF690FBC7D}"
EndProject
Global
	GlobalSection(SolutionConfigurationPlatforms) = preSolution
		Debug|Any CPU = Debug|Any CPU
		Release|Any CPU = Release|Any CPU
	EndGlobalSection
	GlobalSection(ProjectConfigurationPlatforms) = postSolution
		{ECCEF699-8268-476F-AB73-A25007E4294B}.Debug|Any CPU.ActiveCfg = Debug|Any CPU
		{ECCEF699-8268-476F-AB73-A25007E4294B}.Debug|Any CPU.Build.0 = Debug|Any CPU
		{ECCEF699-8268-476F-AB73-A25007E4294B}.Release|Any CPU.ActiveCfg = Release|Any CPU
		{ECCEF699-8268-476F-AB73-A25007E4294B}.Release|Any CPU.Build.0 = Release|Any CPU
		{2A8E5D26-C34D-4240-8395-12ED6FCE3983}.Debug|Any CPU.ActiveCfg = Debug|Any CPU
		{2A8E5D26-C34D-4240-8395-12ED6FCE3983}.Debug|Any CPU.Build.0 = Debug|Any CPU
		{2A8E5D26-C34D-4240-8395-12ED6FCE3983}.Release|Any CPU.ActiveCfg = Release|Any CPU
		{2A8E5D26-C34D-4240-8395-12ED6FCE3983}.Release|Any CPU.Build.0 = Release|Any CPU
		{74D5E76A-F47A-4C1C-B41E-D1FF690FBC7D}.Debug|Any CPU.ActiveCfg = Debug|Any CPU
		{74D5E76A-F47A-4C1C-B41E-D1FF690FBC7D}.Debug|Any CPU.Build.0 = Debug|Any CPU
		{74D5E76A-F47A-4C1C-B41E-D1FF690FBC7D}.Release|Any CPU.ActiveCfg = Release|Any CPU
		{74D5E76A-F47A-4C1C-B41E-D1FF690FBC7D}.Release|Any CPU.Build.0 = Release|Any CPU
	EndGlobalSection
	GlobalSection(SolutionProperties) = preSolution
		HideSolutionNode = FALSE
	EndGlobalSection
EndGlobal
